
Microsoft Visual Studio Solution File, Format Version 10.00
# Visual C# Express 2008
Project("{FAE04EC0-301F-11D3-BF4B-00C04F79EFBC}") = "5005019350 Summer", "5005019350 Summer\5005019350 Summer.csproj", "{FF107121-38BC-4A62-819A-539764EE23FE}"
EndProject
Global
	GlobalSection(SolutionConfigurationPlatforms) = preSolution
		Debug|Any CPU = Debug|Any CPU
		Release|Any CPU = Release|Any CPU
	EndGlobalSection
	GlobalSection(ProjectConfigurationPlatforms) = postSolution
		{FF107121-38BC-4A62-819A-539764EE23FE}.Debug|Any CPU.ActiveCfg = Debug|Any CPU
		{FF107121-38BC-4A62-819A-539764EE23FE}.Debug|Any CPU.Build.0 = Debug|Any CPU
		{FF107121-38BC-4A62-819A-539764EE23FE}.Release|Any CPU.ActiveCfg = Release|Any CPU
		{FF107121-38BC-4A62-819A-539764EE23FE}.Release|Any CPU.Build.0 = Release|Any CPU
	EndGlobalSection
	GlobalSection(SolutionProperties) = preSolution
		HideSolutionNode = FALSE
	EndGlobalSection
EndGlobal
